// !$*UTF8*$!
{
	archiveVersion = 1;
	classes = {
	};
	objectVersion = 46;
	objects = {

/* Begin PBXBuildFile section */
		87EB28241EEF0D4700633F9F /* main.cpp in Sources */ = {isa = PBXBuildFile; fileRef = 87EB28231EEF0D4700633F9F /* main.cpp */; };
/* End PBXBuildFile section */

/* Begin PBXCopyFilesBuildPhase section */
		87EB281E1EEF0D4700633F9F /* CopyFiles */ = {
			isa = PBXCopyFilesBuildPhase;
			buildActionMask = 2147483647;
			dstPath = /usr/share/man/man1/;
			dstSubfolderSpec = 0;
			files = (
			);
			runOnlyForDeploymentPostprocessing = 1;
		};
/* End PBXCopyFilesBuildPhase section */

/* Begin PBXFileReference section */
		87EB28201EEF0D4700633F9F /* cast advanced */ = {isa = PBXFileReference; explicitFileType = "compiled.mach-o.executable"; includeInIndex = 0; path = "cast advanced"; sourceTree = BUILT_PRODUCTS_DIR; };
		87EB28231EEF0D4700633F9F /* main.cpp */ = {isa = PBXFileReference; lastKnownFileType = sourcecode.cpp.cpp; path = main.cpp; sourceTree = "<group>"; };
		87EB282B1EEF18D400633F9F /* Vertex.h */ = {isa = PBXFileReference; lastKnownFileType = sourcecode.c.h; path = Vertex.h; sourceTree = "<group>"; };
		87EB282D1EEF82F100633F9F /* en */ = {isa = PBXFileReference; lastKnownFileType = file; name = en; path = en.lproj/10mm_cube.stl; sourceTree = "<group>"; };
		87EB28301EF08F4D00633F9F /* Polygon.h */ = {isa = PBXFileReference; lastKnownFileType = sourcecode.c.h; path = Polygon.h; sourceTree = "<group>"; };
		87EB28311EF16FF400633F9F /* Model.h */ = {isa = PBXFileReference; lastKnownFileType = sourcecode.c.h; path = Model.h; sourceTree = "<group>"; };
		87EB28321EF190D500633F9F /* 3DBenchy.stl */ = {isa = PBXFileReference; lastKnownFileType = file; path = 3DBenchy.stl; sourceTree = "<group>"; };
		87EB28331EF1A4D000633F9F /* ModelHelper.h */ = {isa = PBXFileReference; lastKnownFileType = sourcecode.c.h; path = ModelHelper.h; sourceTree = "<group>"; };
/* End PBXFileReference section */

/* Begin PBXFrameworksBuildPhase section */
		87EB281D1EEF0D4700633F9F /* Frameworks */ = {
			isa = PBXFrameworksBuildPhase;
			buildActionMask = 2147483647;
			files = (
			);
			runOnlyForDeploymentPostprocessing = 0;
		};
/* End PBXFrameworksBuildPhase section */

/* Begin PBXGroup section */
		87EB28171EEF0D4700633F9F = {
			isa = PBXGroup;
			children = (
				87EB28221EEF0D4700633F9F /* cast advanced */,
				87EB28211EEF0D4700633F9F /* Products */,
			);
			sourceTree = "<group>";
		};
		87EB28211EEF0D4700633F9F /* Products */ = {
			isa = PBXGroup;
			children = (
				87EB28201EEF0D4700633F9F /* cast advanced */,
			);
			name = Products;
			sourceTree = "<group>";
		};
		87EB28221EEF0D4700633F9F /* cast advanced */ = {
			isa = PBXGroup;
			children = (
				87EB28321EF190D500633F9F /* 3DBenchy.stl */,
				87EB282E1EEF82F100633F9F /* 10mm_cube.stl */,
				87EB28231EEF0D4700633F9F /* main.cpp */,
				87EB282B1EEF18D400633F9F /* Vertex.h */,
				87EB28301EF08F4D00633F9F /* Polygon.h */,
				87EB28311EF16FF400633F9F /* Model.h */,
				87EB28331EF1A4D000633F9F /* ModelHelper.h */,
			);
			path = "cast advanced";
			sourceTree = "<group>";
		};
/* End PBXGroup section */

/* Begin PBXNativeTarget section */
		87EB281F1EEF0D4700633F9F /* cast advanced */ = {
			isa = PBXNativeTarget;
			buildConfigurationList = 87EB28271EEF0D4700633F9F /* Build configuration list for PBXNativeTarget "cast advanced" */;
			buildPhases = (
				87EB281C1EEF0D4700633F9F /* Sources */,
				87EB281D1EEF0D4700633F9F /* Frameworks */,
				87EB281E1EEF0D4700633F9F /* CopyFiles */,
			);
			buildRules = (
			);
			dependencies = (
			);
			name = "cast advanced";
			productName = "cast advanced";
			productReference = 87EB28201EEF0D4700633F9F /* cast advanced */;
			productType = "com.apple.product-type.tool";
		};
/* End PBXNativeTarget section */

/* Begin PBXProject section */
		87EB28181EEF0D4700633F9F /* Project object */ = {
			isa = PBXProject;
			attributes = {
				LastUpgradeCheck = 0830;
				ORGANIZATIONNAME = txlabs;
				TargetAttributes = {
					87EB281F1EEF0D4700633F9F = {
						CreatedOnToolsVersion = 8.3.3;
						ProvisioningStyle = Automatic;
					};
				};
			};
			buildConfigurationList = 87EB281B1EEF0D4700633F9F /* Build configuration list for PBXProject "cast advanced" */;
			compatibilityVersion = "Xcode 3.2";
			developmentRegion = English;
			hasScannedForEncodings = 0;
			knownRegions = (
				en,
			);
			mainGroup = 87EB28171EEF0D4700633F9F;
			productRefGroup = 87EB28211EEF0D4700633F9F /* Products */;
			projectDirPath = "";
			projectRoot = "";
			targets = (
				87EB281F1EEF0D4700633F9F /* cast advanced */,
			);
		};
/* End PBXProject section */

/* Begin PBXSourcesBuildPhase section */
		87EB281C1EEF0D4700633F9F /* Sources */ = {
			isa = PBXSourcesBuildPhase;
			buildActionMask = 2147483647;
			files = (
				87EB28241EEF0D4700633F9F /* main.cpp in Sources */,
			);
			runOnlyForDeploymentPostprocessing = 0;
		};
/* End PBXSourcesBuildPhase section */

/* Begin PBXVariantGroup section */
		87EB282E1EEF82F100633F9F /* 10mm_cube.stl */ = {
			isa = PBXVariantGroup;
			children = (
				87EB282D1EEF82F100633F9F /* en */,
			);
			name = 10mm_cube.stl;
			sourceTree = "<group>";
		};
/* End PBXVariantGroup section */

/* Begin XCBuildConfiguration section */
		87EB28251EEF0D4700633F9F /* Debug */ = {
			isa = XCBuildConfiguration;
			buildSettings = {
				ALWAYS_SEARCH_USER_PATHS = NO;
				CLANG_ANALYZER_NONNULL = YES;
				CLANG_ANALYZER_NUMBER_OBJECT_CONVERSION = YES_AGGRESSIVE;
				CLANG_CXX_LANGUAGE_STANDARD = "gnu++0x";
				CLANG_CXX_LIBRARY = "libc++";
				CLANG_ENABLE_MODULES = YES;
				CLANG_ENABLE_OBJC_ARC = YES;
				CLANG_WARN_BOOL_CONVERSION = YES;
				CLANG_WARN_CONSTANT_CONVERSION = YES;
				CLANG_WARN_DIRECT_OBJC_ISA_USAGE = YES_ERROR;
				CLANG_WARN_DOCUMENTATION_COMMENTS = YES;
				CLANG_WARN_EMPTY_BODY = YES;
				CLANG_WARN_ENUM_CONVERSION = YES;
				CLANG_WARN_INFINITE_RECURSION = YES;
				CLANG_WARN_INT_CONVERSION = YES;
				CLANG_WARN_OBJC_ROOT_CLASS = YES_ERROR;
				CLANG_WARN_SUSPICIOUS_MOVE = YES;
				CLANG_WARN_UNREACHABLE_CODE = YES;
				CLANG_WARN__DUPLICATE_METHOD_MATCH = YES;
				CODE_SIGN_IDENTITY = "-";
				COPY_PHASE_STRIP = NO;
				DEBUG_INFORMATION_FORMAT = dwarf;
				ENABLE_STRICT_OBJC_MSGSEND = YES;
				ENABLE_TESTABILITY = YES;
				GCC_C_LANGUAGE_STANDARD = gnu99;
				GCC_DYNAMIC_NO_PIC = NO;
				GCC_NO_COMMON_BLOCKS = YES;
				GCC_OPTIMIZATION_LEVEL = 0;
				GCC_PREPROCESSOR_DEFINITIONS = (
					"DEBUG=1",
					"$(inherited)",
				);
				GCC_WARN_64_TO_32_BIT_CONVERSION = YES;
				GCC_WARN_ABOUT_RETURN_TYPE = YES_ERROR;
				GCC_WARN_UNDECLARED_SELECTOR = YES;
				GCC_WARN_UNINITIALIZED_AUTOS = YES_AGGRESSIVE;
				GCC_WARN_UNUSED_FUNCTION = YES;
				GCC_WARN_UNUSED_VARIABLE = YES;
				MACOSX_DEPLOYMENT_TARGET = 10.12;
				MTL_ENABLE_DEBUG_INFO = YES;
				ONLY_ACTIVE_ARCH = YES;
				SDKROOT = macosx;
			};
			name = Debug;
		};
		87EB28261EEF0D4700633F9F /* Release */ = {
			isa = XCBuildConfiguration;
			buildSettings = {
				ALWAYS_SEARCH_USER_PATHS = NO;
				CLANG_ANALYZER_NONNULL = YES;
				CLANG_ANALYZER_NUMBER_OBJECT_CONVERSION = YES_AGGRESSIVE;
				CLANG_CXX_LANGUAGE_STANDARD = "gnu++0x";
				CLANG_CXX_LIBRARY = "libc++";
				CLANG_ENABLE_MODULES = YES;
				CLANG_ENABLE_OBJC_ARC = YES;
				CLANG_WARN_BOOL_CONVERSION = YES;
				CLANG_WARN_CONSTANT_CONVERSION = YES;
				CLANG_WARN_DIRECT_OBJC_ISA_USAGE = YES_ERROR;
				CLANG_WARN_DOCUMENTATION_COMMENTS = YES;
				CLANG_WARN_EMPTY_BODY = YES;
				CLANG_WARN_ENUM_CONVERSION = YES;
				CLANG_WARN_INFINITE_RECURSION = YES;
				CLANG_WARN_INT_CONVERSION = YES;
				CLANG_WARN_OBJC_ROOT_CLASS = YES_ERROR;
				CLANG_WARN_SUSPICIOUS_MOVE = YES;
				CLANG_WARN_UNREACHABLE_CODE = YES;
				CLANG_WARN__DUPLICATE_METHOD_MATCH = YES;
				CODE_SIGN_IDENTITY = "-";
				COPY_PHASE_STRIP = NO;
				DEBUG_INFORMATION_FORMAT = "dwarf-with-dsym";
				ENABLE_NS_ASSERTIONS = NO;
				ENABLE_STRICT_OBJC_MSGSEND = YES;
				GCC_C_LANGUAGE_STANDARD = gnu99;
				GCC_NO_COMMON_BLOCKS = YES;
				GCC_WARN_64_TO_32_BIT_CONVERSION = YES;
				GCC_WARN_ABOUT_RETURN_TYPE = YES_ERROR;
				GCC_WARN_UNDECLARED_SELECTOR = YES;
				GCC_WARN_UNINITIALIZED_AUTOS = YES_AGGRESSIVE;
				GCC_WARN_UNUSED_FUNCTION = YES;
				GCC_WARN_UNUSED_VARIABLE = YES;
				MACOSX_DEPLOYMENT_TARGET = 10.12;
				MTL_ENABLE_DEBUG_INFO = NO;
				SDKROOT = macosx;
			};
			name = Release;
		};
		87EB28281EEF0D4700633F9F /* Debug */ = {
			isa = XCBuildConfiguration;
			buildSettings = {
				PRODUCT_NAME = "$(TARGET_NAME)";
			};
			name = Debug;
		};
		87EB28291EEF0D4700633F9F /* Release */ = {
			isa = XCBuildConfiguration;
			buildSettings = {
				PRODUCT_NAME = "$(TARGET_NAME)";
			};
			name = Release;
		};
/* End XCBuildConfiguration section */

/* Begin XCConfigurationList section */
		87EB281B1EEF0D4700633F9F /* Build configuration list for PBXProject "cast advanced" */ = {
			isa = XCConfigurationList;
			buildConfigurations = (
				87EB28251EEF0D4700633F9F /* Debug */,
				87EB28261EEF0D4700633F9F /* Release */,
			);
			defaultConfigurationIsVisible = 0;
			defaultConfigurationName = Release;
		};
		87EB28271EEF0D4700633F9F /* Build configuration list for PBXNativeTarget "cast advanced" */ = {
			isa = XCConfigurationList;
			buildConfigurations = (
				87EB28281EEF0D4700633F9F /* Debug */,
				87EB28291EEF0D4700633F9F /* Release */,
			);
			defaultConfigurationIsVisible = 0;
		};
/* End XCConfigurationList section */
	};
	rootObject = 87EB28181EEF0D4700633F9F /* Project object */;
}
